
Microsoft Visual Studio Solution File, Format Version 12.00
# Visual Studio Version 17
VisualStudioVersion = 17.11.35327.3
MinimumVisualStudioVersion = 10.0.40219.1
Project("{FAE04EC0-301F-11D3-BF4B-00C04F79EFBC}") = "Specflow_UIAutomation_TFL", "Specflow_UIAutomation_TFL.csproj", "{6B5FE46F-C4A3-45C5-8680-ED2B793CD739}"
EndProject
Global
	GlobalSection(SolutionConfigurationPlatforms) = preSolution
		Debug|Any CPU = Debug|Any CPU
		Release|Any CPU = Release|Any CPU
	EndGlobalSection
	GlobalSection(ProjectConfigurationPlatforms) = postSolution
		{6B5FE46F-C4A3-45C5-8680-ED2B793CD739}.Debug|Any CPU.ActiveCfg = Debug|Any CPU
		{6B5FE46F-C4A3-45C5-8680-ED2B793CD739}.Debug|Any CPU.Build.0 = Debug|Any CPU
		{6B5FE46F-C4A3-45C5-8680-ED2B793CD739}.Release|Any CPU.ActiveCfg = Release|Any CPU
		{6B5FE46F-C4A3-45C5-8680-ED2B793CD739}.Release|Any CPU.Build.0 = Release|Any CPU
	EndGlobalSection
	GlobalSection(SolutionProperties) = preSolution
		HideSolutionNode = FALSE
	EndGlobalSection
	GlobalSection(ExtensibilityGlobals) = postSolution
		SolutionGuid = {311EAB26-1282-4846-B9A9-CA2E9F6671B0}
	EndGlobalSection
EndGlobal
